{
  "name": "backup-restore",
  "version": "1.0.0",
  "lockfileVersion": 1,
  "requires": true,
  "dependencies": {
    "async": {
      "version": "0.2.10",
      "resolved": "https://registry.npmjs.org/async/-/async-0.2.10.tgz",
      "integrity": "sha1-trvgsGdLnXGXCMo43owjfLUmw9E="
    },
    "debug": {
      "version": "https://registry.npmjs.org/debug/-/debug-3.1.0.tgz",
      "integrity": "sha1-W7WgZyYotkFJVmuhaBnmFRjGcmE=",
      "requires": {
        "ms": "https://registry.npmjs.org/ms/-/ms-2.0.0.tgz"
      }
    },
    "dotenv": {
      "version": "https://registry.npmjs.org/dotenv/-/dotenv-4.0.0.tgz",
      "integrity": "sha1-hk7xN5rO1Vzm+V3r7NzhefegzR0="
    },
    "has-flag": {
      "version": "2.0.0",
      "resolved": "https://registry.npmjs.org/has-flag/-/has-flag-2.0.0.tgz",
      "integrity": "sha1-6CB68cx7MNRGzHC3NLXovhj4jVE="
    },
    "moment": {
      "version": "2.20.1",
      "resolved": "https://registry.npmjs.org/moment/-/moment-2.20.1.tgz",
      "integrity": "sha512-Yh9y73JRljxW5QxN08Fner68eFLxM5ynNOAw2LbIB1YAGeQzZT8QFSUvkAz609Zf+IHhhaUxqZK8dG3W/+HEvg=="
    },
    "ms": {
      "version": "https://registry.npmjs.org/ms/-/ms-2.0.0.tgz",
      "integrity": "sha1-VgiurfwAvmwpAd9fmGF4jeDVl8g="
    },
    "nodejs-disks": {
      "version": "0.2.1",
      "resolved": "https://registry.npmjs.org/nodejs-disks/-/nodejs-disks-0.2.1.tgz",
      "integrity": "sha1-i9TP+N2uHiBZ8hBPFMM09bIfufE=",
      "requires": {
        "async": "0.2.10",
        "numeral": "1.4.8"
      }
    },
    "numeral": {
      "version": "1.4.8",
      "resolved": "https://registry.npmjs.org/numeral/-/numeral-1.4.8.tgz",
      "integrity": "sha1-M1XhdQafeychV0EmeJkW0C280x0="
    },
    "supports-color": {
      "version": "5.1.0",
      "resolved": "https://registry.npmjs.org/supports-color/-/supports-color-5.1.0.tgz",
      "integrity": "sha512-Ry0AwkoKjDpVKK4sV4h6o3UJmNRbjYm2uXhwfj3J56lMVdvnUNqzQVRztOOMGQ++w1K/TjNDFvpJk0F/LoeBCQ==",
      "requires": {
        "has-flag": "2.0.0"
      }
    }
  }
}
